
Microsoft Visual Studio Solution File, Format Version 12.00
# Visual Studio Version 17
VisualStudioVersion = 17.9.34728.123
MinimumVisualStudioVersion = 10.0.40219.1
Project("{9A19103F-16F7-4668-BE54-9A1E7A4F7556}") = "VirtualTryonWomenFashion.API", "VirtualTryonWomenFashion.API\VirtualTryonWomenFashion.API.csproj", "{0D31E715-9BC6-4BA6-B8FA-C1EBF81F251B}"
EndProject
Project("{9A19103F-16F7-4668-BE54-9A1E7A4F7556}") = "VirtualTryonWomenFashion.Data", "VirtualTryonWomenFashion.Data\VirtualTryonWomenFashion.Data.csproj", "{7BCF5154-F5A9-4B3C-8E9C-1F1EBD59290F}"
EndProject
Project("{9A19103F-16F7-4668-BE54-9A1E7A4F7556}") = "VirtualTryonWomenFashion.Service", "VirtualTryonWomenFashion.Service\VirtualTryonWomenFashion.Service.csproj", "{8DB8B9B4-961F-4051-AE3D-3E57F9A8C838}"
EndProject
Global
	GlobalSection(SolutionConfigurationPlatforms) = preSolution
		Debug|Any CPU = Debug|Any CPU
		Release|Any CPU = Release|Any CPU
	EndGlobalSection
	GlobalSection(ProjectConfigurationPlatforms) = postSolution
		{0D31E715-9BC6-4BA6-B8FA-C1EBF81F251B}.Debug|Any CPU.ActiveCfg = Debug|Any CPU
		{0D31E715-9BC6-4BA6-B8FA-C1EBF81F251B}.Debug|Any CPU.Build.0 = Debug|Any CPU
		{0D31E715-9BC6-4BA6-B8FA-C1EBF81F251B}.Release|Any CPU.ActiveCfg = Release|Any CPU
		{0D31E715-9BC6-4BA6-B8FA-C1EBF81F251B}.Release|Any CPU.Build.0 = Release|Any CPU
		{7BCF5154-F5A9-4B3C-8E9C-1F1EBD59290F}.Debug|Any CPU.ActiveCfg = Debug|Any CPU
		{7BCF5154-F5A9-4B3C-8E9C-1F1EBD59290F}.Debug|Any CPU.Build.0 = Debug|Any CPU
		{7BCF5154-F5A9-4B3C-8E9C-1F1EBD59290F}.Release|Any CPU.ActiveCfg = Release|Any CPU
		{7BCF5154-F5A9-4B3C-8E9C-1F1EBD59290F}.Release|Any CPU.Build.0 = Release|Any CPU
		{8DB8B9B4-961F-4051-AE3D-3E57F9A8C838}.Debug|Any CPU.ActiveCfg = Debug|Any CPU
		{8DB8B9B4-961F-4051-AE3D-3E57F9A8C838}.Debug|Any CPU.Build.0 = Debug|Any CPU
		{8DB8B9B4-961F-4051-AE3D-3E57F9A8C838}.Release|Any CPU.ActiveCfg = Release|Any CPU
		{8DB8B9B4-961F-4051-AE3D-3E57F9A8C838}.Release|Any CPU.Build.0 = Release|Any CPU
	EndGlobalSection
	GlobalSection(SolutionProperties) = preSolution
		HideSolutionNode = FALSE
	EndGlobalSection
	GlobalSection(ExtensibilityGlobals) = postSolution
		SolutionGuid = {8280454E-4FD9-4AEA-BAB4-C4566421DCDB}
	EndGlobalSection
EndGlobal
